// !$*UTF8*$!
{
	archiveVersion = 1;
	classes = {
	};
	objectVersion = 46;
	objects = {

/* Begin PBXBuildFile section */
		476359401931FB5D00C9653A /* Foundation.framework in Frameworks */ = {isa = PBXBuildFile; fileRef = 4763593F1931FB5D00C9653A /* Foundation.framework */; };
		476359421931FB5D00C9653A /* CoreGraphics.framework in Frameworks */ = {isa = PBXBuildFile; fileRef = 476359411931FB5D00C9653A /* CoreGraphics.framework */; };
		476359441931FB5D00C9653A /* UIKit.framework in Frameworks */ = {isa = PBXBuildFile; fileRef = 476359431931FB5D00C9653A /* UIKit.framework */; };
		4763594A1931FB5D00C9653A /* InfoPlist.strings in Resources */ = {isa = PBXBuildFile; fileRef = 476359481931FB5D00C9653A /* InfoPlist.strings */; };
		4763594C1931FB5D00C9653A /* main.m in Sources */ = {isa = PBXBuildFile; fileRef = 4763594B1931FB5D00C9653A /* main.m */; };
		476359501931FB5D00C9653A /* AppDelegate.m in Sources */ = {isa = PBXBuildFile; fileRef = 4763594F1931FB5D00C9653A /* AppDelegate.m */; };
		476359521931FB5D00C9653A /* Images.xcassets in Resources */ = {isa = PBXBuildFile; fileRef = 476359511931FB5D00C9653A /* Images.xcassets */; };
		476359591931FB5D00C9653A /* XCTest.framework in Frameworks */ = {isa = PBXBuildFile; fileRef = 476359581931FB5D00C9653A /* XCTest.framework */; };
		4763595A1931FB5D00C9653A /* Foundation.framework in Frameworks */ = {isa = PBXBuildFile; fileRef = 4763593F1931FB5D00C9653A /* Foundation.framework */; };
		4763595B1931FB5D00C9653A /* UIKit.framework in Frameworks */ = {isa = PBXBuildFile; fileRef = 476359431931FB5D00C9653A /* UIKit.framework */; };
		476359631931FB5D00C9653A /* InfoPlist.strings in Resources */ = {isa = PBXBuildFile; fileRef = 476359611931FB5D00C9653A /* InfoPlist.strings */; };
		476359651931FB5D00C9653A /* Photo_BombersTests.m in Sources */ = {isa = PBXBuildFile; fileRef = 476359641931FB5D00C9653A /* Photo_BombersTests.m */; };
/* End PBXBuildFile section */

/* Begin PBXContainerItemProxy section */
		4763595C1931FB5D00C9653A /* PBXContainerItemProxy */ = {
			isa = PBXContainerItemProxy;
			containerPortal = 476359341931FB5D00C9653A /* Project object */;
			proxyType = 1;
			remoteGlobalIDString = 4763593B1931FB5D00C9653A;
			remoteInfo = "Photo Bombers";
		};
/* End PBXContainerItemProxy section */

/* Begin PBXFileReference section */
		4763593C1931FB5D00C9653A /* Photo Bombers.app */ = {isa = PBXFileReference; explicitFileType = wrapper.application; includeInIndex = 0; path = "Photo Bombers.app"; sourceTree = BUILT_PRODUCTS_DIR; };
		4763593F1931FB5D00C9653A /* Foundation.framework */ = {isa = PBXFileReference; lastKnownFileType = wrapper.framework; name = Foundation.framework; path = System/Library/Frameworks/Foundation.framework; sourceTree = SDKROOT; };
		476359411931FB5D00C9653A /* CoreGraphics.framework */ = {isa = PBXFileReference; lastKnownFileType = wrapper.framework; name = CoreGraphics.framework; path = System/Library/Frameworks/CoreGraphics.framework; sourceTree = SDKROOT; };
		476359431931FB5D00C9653A /* UIKit.framework */ = {isa = PBXFileReference; lastKnownFileType = wrapper.framework; name = UIKit.framework; path = System/Library/Frameworks/UIKit.framework; sourceTree = SDKROOT; };
		476359471931FB5D00C9653A /* Photo Bombers-Info.plist */ = {isa = PBXFileReference; lastKnownFileType = text.plist.xml; path = "Photo Bombers-Info.plist"; sourceTree = "<group>"; };
		476359491931FB5D00C9653A /* en */ = {isa = PBXFileReference; lastKnownFileType = text.plist.strings; name = en; path = en.lproj/InfoPlist.strings; sourceTree = "<group>"; };
		4763594B1931FB5D00C9653A /* main.m */ = {isa = PBXFileReference; lastKnownFileType = sourcecode.c.objc; path = main.m; sourceTree = "<group>"; };
		4763594D1931FB5D00C9653A /* Photo Bombers-Prefix.pch */ = {isa = PBXFileReference; lastKnownFileType = sourcecode.c.h; path = "Photo Bombers-Prefix.pch"; sourceTree = "<group>"; };
		4763594E1931FB5D00C9653A /* AppDelegate.h */ = {isa = PBXFileReference; lastKnownFileType = sourcecode.c.h; path = AppDelegate.h; sourceTree = "<group>"; };
		4763594F1931FB5D00C9653A /* AppDelegate.m */ = {isa = PBXFileReference; lastKnownFileType = sourcecode.c.objc; path = AppDelegate.m; sourceTree = "<group>"; };
		476359511931FB5D00C9653A /* Images.xcassets */ = {isa = PBXFileReference; lastKnownFileType = folder.assetcatalog; path = Images.xcassets; sourceTree = "<group>"; };
		476359571931FB5D00C9653A /* Photo BombersTests.xctest */ = {isa = PBXFileReference; explicitFileType = wrapper.cfbundle; includeInIndex = 0; path = "Photo BombersTests.xctest"; sourceTree = BUILT_PRODUCTS_DIR; };
		476359581931FB5D00C9653A /* XCTest.framework */ = {isa = PBXFileReference; lastKnownFileType = wrapper.framework; name = XCTest.framework; path = Library/Frameworks/XCTest.framework; sourceTree = DEVELOPER_DIR; };
		476359601931FB5D00C9653A /* Photo BombersTests-Info.plist */ = {isa = PBXFileReference; lastKnownFileType = text.plist.xml; path = "Photo BombersTests-Info.plist"; sourceTree = "<group>"; };
		476359621931FB5D00C9653A /* en */ = {isa = PBXFileReference; lastKnownFileType = text.plist.strings; name = en; path = en.lproj/InfoPlist.strings; sourceTree = "<group>"; };
		476359641931FB5D00C9653A /* Photo_BombersTests.m */ = {isa = PBXFileReference; lastKnownFileType = sourcecode.c.objc; path = Photo_BombersTests.m; sourceTree = "<group>"; };
/* End PBXFileReference section */

/* Begin PBXFrameworksBuildPhase section */
		476359391931FB5D00C9653A /* Frameworks */ = {
			isa = PBXFrameworksBuildPhase;
			buildActionMask = 2147483647;
			files = (
				476359421931FB5D00C9653A /* CoreGraphics.framework in Frameworks */,
				476359441931FB5D00C9653A /* UIKit.framework in Frameworks */,
				476359401931FB5D00C9653A /* Foundation.framework in Frameworks */,
			);
			runOnlyForDeploymentPostprocessing = 0;
		};
		476359541931FB5D00C9653A /* Frameworks */ = {
			isa = PBXFrameworksBuildPhase;
			buildActionMask = 2147483647;
			files = (
				476359591931FB5D00C9653A /* XCTest.framework in Frameworks */,
				4763595B1931FB5D00C9653A /* UIKit.framework in Frameworks */,
				4763595A1931FB5D00C9653A /* Foundation.framework in Frameworks */,
			);
			runOnlyForDeploymentPostprocessing = 0;
		};
/* End PBXFrameworksBuildPhase section */

/* Begin PBXGroup section */
		476359331931FB5D00C9653A = {
			isa = PBXGroup;
			children = (
				476359451931FB5D00C9653A /* Photo Bombers */,
				4763595E1931FB5D00C9653A /* Photo BombersTests */,
				4763593E1931FB5D00C9653A /* Frameworks */,
				4763593D1931FB5D00C9653A /* Products */,
			);
			sourceTree = "<group>";
		};
		4763593D1931FB5D00C9653A /* Products */ = {
			isa = PBXGroup;
			children = (
				4763593C1931FB5D00C9653A /* Photo Bombers.app */,
				476359571931FB5D00C9653A /* Photo BombersTests.xctest */,
			);
			name = Products;
			sourceTree = "<group>";
		};
		4763593E1931FB5D00C9653A /* Frameworks */ = {
			isa = PBXGroup;
			children = (
				4763593F1931FB5D00C9653A /* Foundation.framework */,
				476359411931FB5D00C9653A /* CoreGraphics.framework */,
				476359431931FB5D00C9653A /* UIKit.framework */,
				476359581931FB5D00C9653A /* XCTest.framework */,
			);
			name = Frameworks;
			sourceTree = "<group>";
		};
		476359451931FB5D00C9653A /* Photo Bombers */ = {
			isa = PBXGroup;
			children = (
				4763594E1931FB5D00C9653A /* AppDelegate.h */,
				4763594F1931FB5D00C9653A /* AppDelegate.m */,
				476359511931FB5D00C9653A /* Images.xcassets */,
				476359461931FB5D00C9653A /* Supporting Files */,
			);
			path = "Photo Bombers";
			sourceTree = "<group>";
		};
		476359461931FB5D00C9653A /* Supporting Files */ = {
			isa = PBXGroup;
			children = (
				476359471931FB5D00C9653A /* Photo Bombers-Info.plist */,
				476359481931FB5D00C9653A /* InfoPlist.strings */,
				4763594B1931FB5D00C9653A /* main.m */,
				4763594D1931FB5D00C9653A /* Photo Bombers-Prefix.pch */,
			);
			name = "Supporting Files";
			sourceTree = "<group>";
		};
		4763595E1931FB5D00C9653A /* Photo BombersTests */ = {
			isa = PBXGroup;
			children = (
				476359641931FB5D00C9653A /* Photo_BombersTests.m */,
				4763595F1931FB5D00C9653A /* Supporting Files */,
			);
			path = "Photo BombersTests";
			sourceTree = "<group>";
		};
		4763595F1931FB5D00C9653A /* Supporting Files */ = {
			isa = PBXGroup;
			children = (
				476359601931FB5D00C9653A /* Photo BombersTests-Info.plist */,
				476359611931FB5D00C9653A /* InfoPlist.strings */,
			);
			name = "Supporting Files";
			sourceTree = "<group>";
		};
/* End PBXGroup section */

/* Begin PBXNativeTarget section */
		4763593B1931FB5D00C9653A /* Photo Bombers */ = {
			isa = PBXNativeTarget;
			buildConfigurationList = 476359681931FB5D00C9653A /* Build configuration list for PBXNativeTarget "Photo Bombers" */;
			buildPhases = (
				476359381931FB5D00C9653A /* Sources */,
				476359391931FB5D00C9653A /* Frameworks */,
				4763593A1931FB5D00C9653A /* Resources */,
			);
			buildRules = (
			);
			dependencies = (
			);
			name = "Photo Bombers";
			productName = "Photo Bombers";
			productReference = 4763593C1931FB5D00C9653A /* Photo Bombers.app */;
			productType = "com.apple.product-type.application";
		};
		476359561931FB5D00C9653A /* Photo BombersTests */ = {
			isa = PBXNativeTarget;
			buildConfigurationList = 4763596B1931FB5D00C9653A /* Build configuration list for PBXNativeTarget "Photo BombersTests" */;
			buildPhases = (
				476359531931FB5D00C9653A /* Sources */,
				476359541931FB5D00C9653A /* Frameworks */,
				476359551931FB5D00C9653A /* Resources */,
			);
			buildRules = (
			);
			dependencies = (
				4763595D1931FB5D00C9653A /* PBXTargetDependency */,
			);
			name = "Photo BombersTests";
			productName = "Photo BombersTests";
			productReference = 476359571931FB5D00C9653A /* Photo BombersTests.xctest */;
			productType = "com.apple.product-type.bundle.unit-test";
		};
/* End PBXNativeTarget section */

/* Begin PBXProject section */
		476359341931FB5D00C9653A /* Project object */ = {
			isa = PBXProject;
			attributes = {
				LastUpgradeCheck = 0510;
				ORGANIZATIONNAME = "Wayne Knoesen";
				TargetAttributes = {
					476359561931FB5D00C9653A = {
						TestTargetID = 4763593B1931FB5D00C9653A;
					};
				};
			};
			buildConfigurationList = 476359371931FB5D00C9653A /* Build configuration list for PBXProject "Photo Bombers" */;
			compatibilityVersion = "Xcode 3.2";
			developmentRegion = English;
			hasScannedForEncodings = 0;
			knownRegions = (
				en,
			);
			mainGroup = 476359331931FB5D00C9653A;
			productRefGroup = 4763593D1931FB5D00C9653A /* Products */;
			projectDirPath = "";
			projectRoot = "";
			targets = (
				4763593B1931FB5D00C9653A /* Photo Bombers */,
				476359561931FB5D00C9653A /* Photo BombersTests */,
			);
		};
/* End PBXProject section */

/* Begin PBXResourcesBuildPhase section */
		4763593A1931FB5D00C9653A /* Resources */ = {
			isa = PBXResourcesBuildPhase;
			buildActionMask = 2147483647;
			files = (
				4763594A1931FB5D00C9653A /* InfoPlist.strings in Resources */,
				476359521931FB5D00C9653A /* Images.xcassets in Resources */,
			);
			runOnlyForDeploymentPostprocessing = 0;
		};
		476359551931FB5D00C9653A /* Resources */ = {
			isa = PBXResourcesBuildPhase;
			buildActionMask = 2147483647;
			files = (
				476359631931FB5D00C9653A /* InfoPlist.strings in Resources */,
			);
			runOnlyForDeploymentPostprocessing = 0;
		};
/* End PBXResourcesBuildPhase section */

/* Begin PBXSourcesBuildPhase section */
		476359381931FB5D00C9653A /* Sources */ = {
			isa = PBXSourcesBuildPhase;
			buildActionMask = 2147483647;
			files = (
				476359501931FB5D00C9653A /* AppDelegate.m in Sources */,
				4763594C1931FB5D00C9653A /* main.m in Sources */,
			);
			runOnlyForDeploymentPostprocessing = 0;
		};
		476359531931FB5D00C9653A /* Sources */ = {
			isa = PBXSourcesBuildPhase;
			buildActionMask = 2147483647;
			files = (
				476359651931FB5D00C9653A /* Photo_BombersTests.m in Sources */,
			);
			runOnlyForDeploymentPostprocessing = 0;
		};
/* End PBXSourcesBuildPhase section */

/* Begin PBXTargetDependency section */
		4763595D1931FB5D00C9653A /* PBXTargetDependency */ = {
			isa = PBXTargetDependency;
			target = 4763593B1931FB5D00C9653A /* Photo Bombers */;
			targetProxy = 4763595C1931FB5D00C9653A /* PBXContainerItemProxy */;
		};
/* End PBXTargetDependency section */

/* Begin PBXVariantGroup section */
		476359481931FB5D00C9653A /* InfoPlist.strings */ = {
			isa = PBXVariantGroup;
			children = (
				476359491931FB5D00C9653A /* en */,
			);
			name = InfoPlist.strings;
			sourceTree = "<group>";
		};
		476359611931FB5D00C9653A /* InfoPlist.strings */ = {
			isa = PBXVariantGroup;
			children = (
				476359621931FB5D00C9653A /* en */,
			);
			name = InfoPlist.strings;
			sourceTree = "<group>";
		};
/* End PBXVariantGroup section */

/* Begin XCBuildConfiguration section */
		476359661931FB5D00C9653A /* Debug */ = {
			isa = XCBuildConfiguration;
			buildSettings = {
				ALWAYS_SEARCH_USER_PATHS = NO;
				CLANG_CXX_LANGUAGE_STANDARD = "gnu++0x";
				CLANG_CXX_LIBRARY = "libc++";
				CLANG_ENABLE_MODULES = YES;
				CLANG_ENABLE_OBJC_ARC = YES;
				CLANG_WARN_BOOL_CONVERSION = YES;
				CLANG_WARN_CONSTANT_CONVERSION = YES;
				CLANG_WARN_DIRECT_OBJC_ISA_USAGE = YES_ERROR;
				CLANG_WARN_EMPTY_BODY = YES;
				CLANG_WARN_ENUM_CONVERSION = YES;
				CLANG_WARN_INT_CONVERSION = YES;
				CLANG_WARN_OBJC_ROOT_CLASS = YES_ERROR;
				CLANG_WARN__DUPLICATE_METHOD_MATCH = YES;
				"CODE_SIGN_IDENTITY[sdk=iphoneos*]" = "iPhone Developer";
				COPY_PHASE_STRIP = NO;
				GCC_C_LANGUAGE_STANDARD = gnu99;
				GCC_DYNAMIC_NO_PIC = NO;
				GCC_OPTIMIZATION_LEVEL = 0;
				GCC_PREPROCESSOR_DEFINITIONS = (
					"DEBUG=1",
					"$(inherited)",
				);
				GCC_SYMBOLS_PRIVATE_EXTERN = NO;
				GCC_WARN_64_TO_32_BIT_CONVERSION = YES;
				GCC_WARN_ABOUT_RETURN_TYPE = YES_ERROR;
				GCC_WARN_UNDECLARED_SELECTOR = YES;
				GCC_WARN_UNINITIALIZED_AUTOS = YES_AGGRESSIVE;
				GCC_WARN_UNUSED_FUNCTION = YES;
				GCC_WARN_UNUSED_VARIABLE = YES;
				IPHONEOS_DEPLOYMENT_TARGET = 7.1;
				ONLY_ACTIVE_ARCH = YES;
				SDKROOT = iphoneos;
			};
			name = Debug;
		};
		476359671931FB5D00C9653A /* Release */ = {
			isa = XCBuildConfiguration;
			buildSettings = {
				ALWAYS_SEARCH_USER_PATHS = NO;
				CLANG_CXX_LANGUAGE_STANDARD = "gnu++0x";
				CLANG_CXX_LIBRARY = "libc++";
				CLANG_ENABLE_MODULES = YES;
				CLANG_ENABLE_OBJC_ARC = YES;
				CLANG_WARN_BOOL_CONVERSION = YES;
				CLANG_WARN_CONSTANT_CONVERSION = YES;
				CLANG_WARN_DIRECT_OBJC_ISA_USAGE = YES_ERROR;
				CLANG_WARN_EMPTY_BODY = YES;
				CLANG_WARN_ENUM_CONVERSION = YES;
				CLANG_WARN_INT_CONVERSION = YES;
				CLANG_WARN_OBJC_ROOT_CLASS = YES_ERROR;
				CLANG_WARN__DUPLICATE_METHOD_MATCH = YES;
				"CODE_SIGN_IDENTITY[sdk=iphoneos*]" = "iPhone Developer";
				COPY_PHASE_STRIP = YES;
				ENABLE_NS_ASSERTIONS = NO;
				GCC_C_LANGUAGE_STANDARD = gnu99;
				GCC_WARN_64_TO_32_BIT_CONVERSION = YES;
				GCC_WARN_ABOUT_RETURN_TYPE = YES_ERROR;
				GCC_WARN_UNDECLARED_SELECTOR = YES;
				GCC_WARN_UNINITIALIZED_AUTOS = YES_AGGRESSIVE;
				GCC_WARN_UNUSED_FUNCTION = YES;
				GCC_WARN_UNUSED_VARIABLE = YES;
				IPHONEOS_DEPLOYMENT_TARGET = 7.1;
				SDKROOT = iphoneos;
				VALIDATE_PRODUCT = YES;
			};
			name = Release;
		};
		476359691931FB5D00C9653A /* Debug */ = {
			isa = XCBuildConfiguration;
			buildSettings = {
				ASSETCATALOG_COMPILER_APPICON_NAME = AppIcon;
				ASSETCATALOG_COMPILER_LAUNCHIMAGE_NAME = LaunchImage;
				GCC_PRECOMPILE_PREFIX_HEADER = YES;
				GCC_PREFIX_HEADER = "Photo Bombers/Photo Bombers-Prefix.pch";
				INFOPLIST_FILE = "Photo Bombers/Photo Bombers-Info.plist";
				PRODUCT_NAME = "$(TARGET_NAME)";
				WRAPPER_EXTENSION = app;
			};
			name = Debug;
		};
		4763596A1931FB5D00C9653A /* Release */ = {
			isa = XCBuildConfiguration;
			buildSettings = {
				ASSETCATALOG_COMPILER_APPICON_NAME = AppIcon;
				ASSETCATALOG_COMPILER_LAUNCHIMAGE_NAME = LaunchImage;
				GCC_PRECOMPILE_PREFIX_HEADER = YES;
				GCC_PREFIX_HEADER = "Photo Bombers/Photo Bombers-Prefix.pch";
				INFOPLIST_FILE = "Photo Bombers/Photo Bombers-Info.plist";
				PRODUCT_NAME = "$(TARGET_NAME)";
				WRAPPER_EXTENSION = app;
			};
			name = Release;
		};
		4763596C1931FB5D00C9653A /* Debug */ = {
			isa = XCBuildConfiguration;
			buildSettings = {
				BUNDLE_LOADER = "$(BUILT_PRODUCTS_DIR)/Photo Bombers.app/Photo Bombers";
				FRAMEWORK_SEARCH_PATHS = (
					"$(SDKROOT)/Developer/Library/Frameworks",
					"$(inherited)",
					"$(DEVELOPER_FRAMEWORKS_DIR)",
				);
				GCC_PRECOMPILE_PREFIX_HEADER = YES;
				GCC_PREFIX_HEADER = "Photo Bombers/Photo Bombers-Prefix.pch";
				GCC_PREPROCESSOR_DEFINITIONS = (
					"DEBUG=1",
					"$(inherited)",
				);
				INFOPLIST_FILE = "Photo BombersTests/Photo BombersTests-Info.plist";
				PRODUCT_NAME = "$(TARGET_NAME)";
				TEST_HOST = "$(BUNDLE_LOADER)";
				WRAPPER_EXTENSION = xctest;
			};
			name = Debug;
		};
		4763596D1931FB5D00C9653A /* Release */ = {
			isa = XCBuildConfiguration;
			buildSettings = {
				BUNDLE_LOADER = "$(BUILT_PRODUCTS_DIR)/Photo Bombers.app/Photo Bombers";
				FRAMEWORK_SEARCH_PATHS = (
					"$(SDKROOT)/Developer/Library/Frameworks",
					"$(inherited)",
					"$(DEVELOPER_FRAMEWORKS_DIR)",
				);
				GCC_PRECOMPILE_PREFIX_HEADER = YES;
				GCC_PREFIX_HEADER = "Photo Bombers/Photo Bombers-Prefix.pch";
				INFOPLIST_FILE = "Photo BombersTests/Photo BombersTests-Info.plist";
				PRODUCT_NAME = "$(TARGET_NAME)";
				TEST_HOST = "$(BUNDLE_LOADER)";
				WRAPPER_EXTENSION = xctest;
			};
			name = Release;
		};
/* End XCBuildConfiguration section */

/* Begin XCConfigurationList section */
		476359371931FB5D00C9653A /* Build configuration list for PBXProject "Photo Bombers" */ = {
			isa = XCConfigurationList;
			buildConfigurations = (
				476359661931FB5D00C9653A /* Debug */,
				476359671931FB5D00C9653A /* Release */,
			);
			defaultConfigurationIsVisible = 0;
			defaultConfigurationName = Release;
		};
		476359681931FB5D00C9653A /* Build configuration list for PBXNativeTarget "Photo Bombers" */ = {
			isa = XCConfigurationList;
			buildConfigurations = (
				476359691931FB5D00C9653A /* Debug */,
				4763596A1931FB5D00C9653A /* Release */,
			);
			defaultConfigurationIsVisible = 0;
		};
		4763596B1931FB5D00C9653A /* Build configuration list for PBXNativeTarget "Photo BombersTests" */ = {
			isa = XCConfigurationList;
			buildConfigurations = (
				4763596C1931FB5D00C9653A /* Debug */,
				4763596D1931FB5D00C9653A /* Release */,
			);
			defaultConfigurationIsVisible = 0;
		};
/* End XCConfigurationList section */
	};
	rootObject = 476359341931FB5D00C9653A /* Project object */;
}
